
Microsoft Visual Studio Solution File, Format Version 12.00
# Visual Studio Version 17
VisualStudioVersion = 17.8.34316.72
MinimumVisualStudioVersion = 10.0.40219.1
Project("{FAE04EC0-301F-11D3-BF4B-00C04F79EFBC}") = "Sample.MediatRPipelines.Domain", "Sample.MediatRPipelines.Domain\Sample.MediatRPipelines.Domain.csproj", "{1E143B2D-5333-4288-9206-471C5072EA09}"
EndProject
Project("{FAE04EC0-301F-11D3-BF4B-00C04F79EFBC}") = "Sample.MediatRPipelines.Domain.Test", "Sample.MediatRPipelines.Domain.Test\Sample.MediatRPipelines.Domain.Test.csproj", "{AA8A5A2E-D87A-4C9D-BF3C-6BDB69A4051E}"
EndProject
Global
	GlobalSection(SolutionConfigurationPlatforms) = preSolution
		Debug|Any CPU = Debug|Any CPU
		Release|Any CPU = Release|Any CPU
	EndGlobalSection
	GlobalSection(ProjectConfigurationPlatforms) = postSolution
		{1E143B2D-5333-4288-9206-471C5072EA09}.Debug|Any CPU.ActiveCfg = Debug|Any CPU
		{1E143B2D-5333-4288-9206-471C5072EA09}.Debug|Any CPU.Build.0 = Debug|Any CPU
		{1E143B2D-5333-4288-9206-471C5072EA09}.Release|Any CPU.ActiveCfg = Release|Any CPU
		{1E143B2D-5333-4288-9206-471C5072EA09}.Release|Any CPU.Build.0 = Release|Any CPU
		{AA8A5A2E-D87A-4C9D-BF3C-6BDB69A4051E}.Debug|Any CPU.ActiveCfg = Debug|Any CPU
		{AA8A5A2E-D87A-4C9D-BF3C-6BDB69A4051E}.Debug|Any CPU.Build.0 = Debug|Any CPU
		{AA8A5A2E-D87A-4C9D-BF3C-6BDB69A4051E}.Release|Any CPU.ActiveCfg = Release|Any CPU
		{AA8A5A2E-D87A-4C9D-BF3C-6BDB69A4051E}.Release|Any CPU.Build.0 = Release|Any CPU
	EndGlobalSection
	GlobalSection(SolutionProperties) = preSolution
		HideSolutionNode = FALSE
	EndGlobalSection
	GlobalSection(ExtensibilityGlobals) = postSolution
		SolutionGuid = {467107DF-88B9-4EA7-8BA8-2F8EADE65CD4}
	EndGlobalSection
EndGlobal
